// !$*UTF8*$!
{
	archiveVersion = 1;
	classes = {
	};
	objectVersion = 50;
	objects = {

/* Begin PBXBuildFile section */
		C25EB6AA22E8F31200598B5E /* AppDelegate.swift in Sources */ = {isa = PBXBuildFile; fileRef = C25EB6A922E8F31200598B5E /* AppDelegate.swift */; };
		C25EB6AC22E8F31200598B5E /* ViewController.swift in Sources */ = {isa = PBXBuildFile; fileRef = C25EB6AB22E8F31200598B5E /* ViewController.swift */; };
		C25EB6AF22E8F31200598B5E /* Main.storyboard in Resources */ = {isa = PBXBuildFile; fileRef = C25EB6AD22E8F31200598B5E /* Main.storyboard */; };
		C25EB6B122E8F31400598B5E /* Assets.xcassets in Resources */ = {isa = PBXBuildFile; fileRef = C25EB6B022E8F31400598B5E /* Assets.xcassets */; };
		C25EB6B422E8F31400598B5E /* LaunchScreen.storyboard in Resources */ = {isa = PBXBuildFile; fileRef = C25EB6B222E8F31400598B5E /* LaunchScreen.storyboard */; };
		C25EB6BE22E8FF5C00598B5E /* Animals in Resources */ = {isa = PBXBuildFile; fileRef = C25EB6BD22E8FF5C00598B5E /* Animals */; };
/* End PBXBuildFile section */

/* Begin PBXFileReference section */
		C25EB6A622E8F31200598B5E /* AR Pet App.app */ = {isa = PBXFileReference; explicitFileType = wrapper.application; includeInIndex = 0; path = "AR Pet App.app"; sourceTree = BUILT_PRODUCTS_DIR; };
		C25EB6A922E8F31200598B5E /* AppDelegate.swift */ = {isa = PBXFileReference; lastKnownFileType = sourcecode.swift; path = AppDelegate.swift; sourceTree = "<group>"; };
		C25EB6AB22E8F31200598B5E /* ViewController.swift */ = {isa = PBXFileReference; lastKnownFileType = sourcecode.swift; path = ViewController.swift; sourceTree = "<group>"; };
		C25EB6AE22E8F31200598B5E /* Base */ = {isa = PBXFileReference; lastKnownFileType = file.storyboard; name = Base; path = Base.lproj/Main.storyboard; sourceTree = "<group>"; };
		C25EB6B022E8F31400598B5E /* Assets.xcassets */ = {isa = PBXFileReference; lastKnownFileType = folder.assetcatalog; path = Assets.xcassets; sourceTree = "<group>"; };
		C25EB6B322E8F31400598B5E /* Base */ = {isa = PBXFileReference; lastKnownFileType = file.storyboard; name = Base; path = Base.lproj/LaunchScreen.storyboard; sourceTree = "<group>"; };
		C25EB6B522E8F31400598B5E /* Info.plist */ = {isa = PBXFileReference; lastKnownFileType = text.plist.xml; path = Info.plist; sourceTree = "<group>"; };
		C25EB6BD22E8FF5C00598B5E /* Animals */ = {isa = PBXFileReference; lastKnownFileType = folder; path = Animals; sourceTree = "<group>"; };
/* End PBXFileReference section */

/* Begin PBXFrameworksBuildPhase section */
		C25EB6A322E8F31200598B5E /* Frameworks */ = {
			isa = PBXFrameworksBuildPhase;
			buildActionMask = 2147483647;
			files = (
			);
			runOnlyForDeploymentPostprocessing = 0;
		};
/* End PBXFrameworksBuildPhase section */

/* Begin PBXGroup section */
		C25EB69D22E8F31200598B5E = {
			isa = PBXGroup;
			children = (
				C25EB6A822E8F31200598B5E /* AR Pet App */,
				C25EB6A722E8F31200598B5E /* Products */,
			);
			sourceTree = "<group>";
		};
		C25EB6A722E8F31200598B5E /* Products */ = {
			isa = PBXGroup;
			children = (
				C25EB6A622E8F31200598B5E /* AR Pet App.app */,
			);
			name = Products;
			sourceTree = "<group>";
		};
		C25EB6A822E8F31200598B5E /* AR Pet App */ = {
			isa = PBXGroup;
			children = (
				C25EB6BD22E8FF5C00598B5E /* Animals */,
				C25EB6A922E8F31200598B5E /* AppDelegate.swift */,
				C25EB6AB22E8F31200598B5E /* ViewController.swift */,
				C25EB6AD22E8F31200598B5E /* Main.storyboard */,
				C25EB6B022E8F31400598B5E /* Assets.xcassets */,
				C25EB6B222E8F31400598B5E /* LaunchScreen.storyboard */,
				C25EB6B522E8F31400598B5E /* Info.plist */,
			);
			path = "AR Pet App";
			sourceTree = "<group>";
		};
/* End PBXGroup section */

/* Begin PBXNativeTarget section */
		C25EB6A522E8F31200598B5E /* AR Pet App */ = {
			isa = PBXNativeTarget;
			buildConfigurationList = C25EB6B822E8F31400598B5E /* Build configuration list for PBXNativeTarget "AR Pet App" */;
			buildPhases = (
				C25EB6A222E8F31200598B5E /* Sources */,
				C25EB6A322E8F31200598B5E /* Frameworks */,
				C25EB6A422E8F31200598B5E /* Resources */,
			);
			buildRules = (
			);
			dependencies = (
			);
			name = "AR Pet App";
			productName = "AR Pet App";
			productReference = C25EB6A622E8F31200598B5E /* AR Pet App.app */;
			productType = "com.apple.product-type.application";
		};
/* End PBXNativeTarget section */

/* Begin PBXProject section */
		C25EB69E22E8F31200598B5E /* Project object */ = {
			isa = PBXProject;
			attributes = {
				LastSwiftUpdateCheck = 1020;
				LastUpgradeCheck = 1020;
				ORGANIZATIONNAME = GWC2;
				TargetAttributes = {
					C25EB6A522E8F31200598B5E = {
						CreatedOnToolsVersion = 10.2.1;
					};
				};
			};
			buildConfigurationList = C25EB6A122E8F31200598B5E /* Build configuration list for PBXProject "AR Pet App" */;
			compatibilityVersion = "Xcode 9.3";
			developmentRegion = en;
			hasScannedForEncodings = 0;
			knownRegions = (
				en,
				Base,
			);
			mainGroup = C25EB69D22E8F31200598B5E;
			productRefGroup = C25EB6A722E8F31200598B5E /* Products */;
			projectDirPath = "";
			projectRoot = "";
			targets = (
				C25EB6A522E8F31200598B5E /* AR Pet App */,
			);
		};
/* End PBXProject section */

/* Begin PBXResourcesBuildPhase section */
		C25EB6A422E8F31200598B5E /* Resources */ = {
			isa = PBXResourcesBuildPhase;
			buildActionMask = 2147483647;
			files = (
				C25EB6B422E8F31400598B5E /* LaunchScreen.storyboard in Resources */,
				C25EB6B122E8F31400598B5E /* Assets.xcassets in Resources */,
				C25EB6AF22E8F31200598B5E /* Main.storyboard in Resources */,
				C25EB6BE22E8FF5C00598B5E /* Animals in Resources */,
			);
			runOnlyForDeploymentPostprocessing = 0;
		};
/* End PBXResourcesBuildPhase section */

/* Begin PBXSourcesBuildPhase section */
		C25EB6A222E8F31200598B5E /* Sources */ = {
			isa = PBXSourcesBuildPhase;
			buildActionMask = 2147483647;
			files = (
				C25EB6AC22E8F31200598B5E /* ViewController.swift in Sources */,
				C25EB6AA22E8F31200598B5E /* AppDelegate.swift in Sources */,
			);
			runOnlyForDeploymentPostprocessing = 0;
		};
/* End PBXSourcesBuildPhase section */

/* Begin PBXVariantGroup section */
		C25EB6AD22E8F31200598B5E /* Main.storyboard */ = {
			isa = PBXVariantGroup;
			children = (
				C25EB6AE22E8F31200598B5E /* Base */,
			);
			name = Main.storyboard;
			sourceTree = "<group>";
		};
		C25EB6B222E8F31400598B5E /* LaunchScreen.storyboard */ = {
			isa = PBXVariantGroup;
			children = (
				C25EB6B322E8F31400598B5E /* Base */,
			);
			name = LaunchScreen.storyboard;
			sourceTree = "<group>";
		};
/* End PBXVariantGroup section */

/* Begin XCBuildConfiguration section */
		C25EB6B622E8F31400598B5E /* Debug */ = {
			isa = XCBuildConfiguration;
			buildSettings = {
				ALWAYS_SEARCH_USER_PATHS = NO;
				CLANG_ANALYZER_NONNULL = YES;
				CLANG_ANALYZER_NUMBER_OBJECT_CONVERSION = YES_AGGRESSIVE;
				CLANG_CXX_LANGUAGE_STANDARD = "gnu++14";
				CLANG_CXX_LIBRARY = "libc++";
				CLANG_ENABLE_MODULES = YES;
				CLANG_ENABLE_OBJC_ARC = YES;
				CLANG_ENABLE_OBJC_WEAK = YES;
				CLANG_WARN_BLOCK_CAPTURE_AUTORELEASING = YES;
				CLANG_WARN_BOOL_CONVERSION = YES;
				CLANG_WARN_COMMA = YES;
				CLANG_WARN_CONSTANT_CONVERSION = YES;
				CLANG_WARN_DEPRECATED_OBJC_IMPLEMENTATIONS = YES;
				CLANG_WARN_DIRECT_OBJC_ISA_USAGE = YES_ERROR;
				CLANG_WARN_DOCUMENTATION_COMMENTS = YES;
				CLANG_WARN_EMPTY_BODY = YES;
				CLANG_WARN_ENUM_CONVERSION = YES;
				CLANG_WARN_INFINITE_RECURSION = YES;
				CLANG_WARN_INT_CONVERSION = YES;
				CLANG_WARN_NON_LITERAL_NULL_CONVERSION = YES;
				CLANG_WARN_OBJC_IMPLICIT_RETAIN_SELF = YES;
				CLANG_WARN_OBJC_LITERAL_CONVERSION = YES;
				CLANG_WARN_OBJC_ROOT_CLASS = YES_ERROR;
				CLANG_WARN_RANGE_LOOP_ANALYSIS = YES;
				CLANG_WARN_STRICT_PROTOTYPES = YES;
				CLANG_WARN_SUSPICIOUS_MOVE = YES;
				CLANG_WARN_UNGUARDED_AVAILABILITY = YES_AGGRESSIVE;
				CLANG_WARN_UNREACHABLE_CODE = YES;
				CLANG_WARN__DUPLICATE_METHOD_MATCH = YES;
				CODE_SIGN_IDENTITY = "iPhone Developer";
				COPY_PHASE_STRIP = NO;
				DEBUG_INFORMATION_FORMAT = dwarf;
				ENABLE_STRICT_OBJC_MSGSEND = YES;
				ENABLE_TESTABILITY = YES;
				GCC_C_LANGUAGE_STANDARD = gnu11;
				GCC_DYNAMIC_NO_PIC = NO;
				GCC_NO_COMMON_BLOCKS = YES;
				GCC_OPTIMIZATION_LEVEL = 0;
				GCC_PREPROCESSOR_DEFINITIONS = (
					"DEBUG=1",
					"$(inherited)",
				);
				GCC_WARN_64_TO_32_BIT_CONVERSION = YES;
				GCC_WARN_ABOUT_RETURN_TYPE = YES_ERROR;
				GCC_WARN_UNDECLARED_SELECTOR = YES;
				GCC_WARN_UNINITIALIZED_AUTOS = YES_AGGRESSIVE;
				GCC_WARN_UNUSED_FUNCTION = YES;
				GCC_WARN_UNUSED_VARIABLE = YES;
				IPHONEOS_DEPLOYMENT_TARGET = 12.2;
				MTL_ENABLE_DEBUG_INFO = INCLUDE_SOURCE;
				MTL_FAST_MATH = YES;
				ONLY_ACTIVE_ARCH = YES;
				SDKROOT = iphoneos;
				SWIFT_ACTIVE_COMPILATION_CONDITIONS = DEBUG;
				SWIFT_OPTIMIZATION_LEVEL = "-Onone";
			};
			name = Debug;
		};
		C25EB6B722E8F31400598B5E /* Release */ = {
			isa = XCBuildConfiguration;
			buildSettings = {
				ALWAYS_SEARCH_USER_PATHS = NO;
				CLANG_ANALYZER_NONNULL = YES;
				CLANG_ANALYZER_NUMBER_OBJECT_CONVERSION = YES_AGGRESSIVE;
				CLANG_CXX_LANGUAGE_STANDARD = "gnu++14";
				CLANG_CXX_LIBRARY = "libc++";
				CLANG_ENABLE_MODULES = YES;
				CLANG_ENABLE_OBJC_ARC = YES;
				CLANG_ENABLE_OBJC_WEAK = YES;
				CLANG_WARN_BLOCK_CAPTURE_AUTORELEASING = YES;
				CLANG_WARN_BOOL_CONVERSION = YES;
				CLANG_WARN_COMMA = YES;
				CLANG_WARN_CONSTANT_CONVERSION = YES;
				CLANG_WARN_DEPRECATED_OBJC_IMPLEMENTATIONS = YES;
				CLANG_WARN_DIRECT_OBJC_ISA_USAGE = YES_ERROR;
				CLANG_WARN_DOCUMENTATION_COMMENTS = YES;
				CLANG_WARN_EMPTY_BODY = YES;
				CLANG_WARN_ENUM_CONVERSION = YES;
				CLANG_WARN_INFINITE_RECURSION = YES;
				CLANG_WARN_INT_CONVERSION = YES;
				CLANG_WARN_NON_LITERAL_NULL_CONVERSION = YES;
				CLANG_WARN_OBJC_IMPLICIT_RETAIN_SELF = YES;
				CLANG_WARN_OBJC_LITERAL_CONVERSION = YES;
				CLANG_WARN_OBJC_ROOT_CLASS = YES_ERROR;
				CLANG_WARN_RANGE_LOOP_ANALYSIS = YES;
				CLANG_WARN_STRICT_PROTOTYPES = YES;
				CLANG_WARN_SUSPICIOUS_MOVE = YES;
				CLANG_WARN_UNGUARDED_AVAILABILITY = YES_AGGRESSIVE;
				CLANG_WARN_UNREACHABLE_CODE = YES;
				CLANG_WARN__DUPLICATE_METHOD_MATCH = YES;
				CODE_SIGN_IDENTITY = "iPhone Developer";
				COPY_PHASE_STRIP = NO;
				DEBUG_INFORMATION_FORMAT = "dwarf-with-dsym";
				ENABLE_NS_ASSERTIONS = NO;
				ENABLE_STRICT_OBJC_MSGSEND = YES;
				GCC_C_LANGUAGE_STANDARD = gnu11;
				GCC_NO_COMMON_BLOCKS = YES;
				GCC_WARN_64_TO_32_BIT_CONVERSION = YES;
				GCC_WARN_ABOUT_RETURN_TYPE = YES_ERROR;
				GCC_WARN_UNDECLARED_SELECTOR = YES;
				GCC_WARN_UNINITIALIZED_AUTOS = YES_AGGRESSIVE;
				GCC_WARN_UNUSED_FUNCTION = YES;
				GCC_WARN_UNUSED_VARIABLE = YES;
				IPHONEOS_DEPLOYMENT_TARGET = 12.2;
				MTL_ENABLE_DEBUG_INFO = NO;
				MTL_FAST_MATH = YES;
				SDKROOT = iphoneos;
				SWIFT_COMPILATION_MODE = wholemodule;
				SWIFT_OPTIMIZATION_LEVEL = "-O";
				VALIDATE_PRODUCT = YES;
			};
			name = Release;
		};
		C25EB6B922E8F31400598B5E /* Debug */ = {
			isa = XCBuildConfiguration;
			buildSettings = {
				ASSETCATALOG_COMPILER_APPICON_NAME = AppIcon;
				CODE_SIGN_STYLE = Automatic;
				DEVELOPMENT_TEAM = M4PZ5629Z8;
				INFOPLIST_FILE = "AR Pet App/Info.plist";
				LD_RUNPATH_SEARCH_PATHS = (
					"$(inherited)",
					"@executable_path/Frameworks",
				);
				PRODUCT_BUNDLE_IDENTIFIER = "com.rebeccafrey.AR-Pet-App";
				PRODUCT_NAME = "$(TARGET_NAME)";
				SWIFT_VERSION = 5.0;
				TARGETED_DEVICE_FAMILY = "1,2";
			};
			name = Debug;
		};
		C25EB6BA22E8F31400598B5E /* Release */ = {
			isa = XCBuildConfiguration;
			buildSettings = {
				ASSETCATALOG_COMPILER_APPICON_NAME = AppIcon;
				CODE_SIGN_STYLE = Automatic;
				DEVELOPMENT_TEAM = M4PZ5629Z8;
				INFOPLIST_FILE = "AR Pet App/Info.plist";
				LD_RUNPATH_SEARCH_PATHS = (
					"$(inherited)",
					"@executable_path/Frameworks",
				);
				PRODUCT_BUNDLE_IDENTIFIER = "com.rebeccafrey.AR-Pet-App";
				PRODUCT_NAME = "$(TARGET_NAME)";
				SWIFT_VERSION = 5.0;
				TARGETED_DEVICE_FAMILY = "1,2";
			};
			name = Release;
		};
/* End XCBuildConfiguration section */

/* Begin XCConfigurationList section */
		C25EB6A122E8F31200598B5E /* Build configuration list for PBXProject "AR Pet App" */ = {
			isa = XCConfigurationList;
			buildConfigurations = (
				C25EB6B622E8F31400598B5E /* Debug */,
				C25EB6B722E8F31400598B5E /* Release */,
			);
			defaultConfigurationIsVisible = 0;
			defaultConfigurationName = Release;
		};
		C25EB6B822E8F31400598B5E /* Build configuration list for PBXNativeTarget "AR Pet App" */ = {
			isa = XCConfigurationList;
			buildConfigurations = (
				C25EB6B922E8F31400598B5E /* Debug */,
				C25EB6BA22E8F31400598B5E /* Release */,
			);
			defaultConfigurationIsVisible = 0;
			defaultConfigurationName = Release;
		};
/* End XCConfigurationList section */
	};
	rootObject = C25EB69E22E8F31200598B5E /* Project object */;
}
