// !$*UTF8*$!
{
	archiveVersion = 1;
	classes = {
	};
	objectVersion = 50;
	objects = {

/* Begin PBXBuildFile section */
		C25EB64822E7B09C00598B5E /* AppDelegate.swift in Sources */ = {isa = PBXBuildFile; fileRef = C25EB64722E7B09C00598B5E /* AppDelegate.swift */; };
		C25EB64A22E7B09C00598B5E /* GameScene.sks in Resources */ = {isa = PBXBuildFile; fileRef = C25EB64922E7B09C00598B5E /* GameScene.sks */; };
		C25EB64E22E7B09C00598B5E /* GameScene.swift in Sources */ = {isa = PBXBuildFile; fileRef = C25EB64D22E7B09C00598B5E /* GameScene.swift */; };
		C25EB65022E7B09C00598B5E /* GameViewController.swift in Sources */ = {isa = PBXBuildFile; fileRef = C25EB64F22E7B09C00598B5E /* GameViewController.swift */; };
		C25EB65322E7B09C00598B5E /* Main.storyboard in Resources */ = {isa = PBXBuildFile; fileRef = C25EB65122E7B09C00598B5E /* Main.storyboard */; };
		C25EB65522E7B09E00598B5E /* Assets.xcassets in Resources */ = {isa = PBXBuildFile; fileRef = C25EB65422E7B09E00598B5E /* Assets.xcassets */; };
		C25EB65822E7B09E00598B5E /* LaunchScreen.storyboard in Resources */ = {isa = PBXBuildFile; fileRef = C25EB65622E7B09E00598B5E /* LaunchScreen.storyboard */; };
		C25EB66322E7B09F00598B5E /* Side_Scrolling_GameTests.swift in Sources */ = {isa = PBXBuildFile; fileRef = C25EB66222E7B09F00598B5E /* Side_Scrolling_GameTests.swift */; };
		C25EB66E22E7B09F00598B5E /* Side_Scrolling_GameUITests.swift in Sources */ = {isa = PBXBuildFile; fileRef = C25EB66D22E7B09F00598B5E /* Side_Scrolling_GameUITests.swift */; };
/* End PBXBuildFile section */

/* Begin PBXContainerItemProxy section */
		C25EB65F22E7B09F00598B5E /* PBXContainerItemProxy */ = {
			isa = PBXContainerItemProxy;
			containerPortal = C25EB63C22E7B09C00598B5E /* Project object */;
			proxyType = 1;
			remoteGlobalIDString = C25EB64322E7B09C00598B5E;
			remoteInfo = "Side-Scrolling Game";
		};
		C25EB66A22E7B09F00598B5E /* PBXContainerItemProxy */ = {
			isa = PBXContainerItemProxy;
			containerPortal = C25EB63C22E7B09C00598B5E /* Project object */;
			proxyType = 1;
			remoteGlobalIDString = C25EB64322E7B09C00598B5E;
			remoteInfo = "Side-Scrolling Game";
		};
/* End PBXContainerItemProxy section */

/* Begin PBXFileReference section */
		C25EB64422E7B09C00598B5E /* Side-Scrolling Game.app */ = {isa = PBXFileReference; explicitFileType = wrapper.application; includeInIndex = 0; path = "Side-Scrolling Game.app"; sourceTree = BUILT_PRODUCTS_DIR; };
		C25EB64722E7B09C00598B5E /* AppDelegate.swift */ = {isa = PBXFileReference; lastKnownFileType = sourcecode.swift; path = AppDelegate.swift; sourceTree = "<group>"; };
		C25EB64922E7B09C00598B5E /* GameScene.sks */ = {isa = PBXFileReference; lastKnownFileType = file.sks; path = GameScene.sks; sourceTree = "<group>"; };
		C25EB64D22E7B09C00598B5E /* GameScene.swift */ = {isa = PBXFileReference; lastKnownFileType = sourcecode.swift; path = GameScene.swift; sourceTree = "<group>"; };
		C25EB64F22E7B09C00598B5E /* GameViewController.swift */ = {isa = PBXFileReference; lastKnownFileType = sourcecode.swift; path = GameViewController.swift; sourceTree = "<group>"; };
		C25EB65222E7B09C00598B5E /* Base */ = {isa = PBXFileReference; lastKnownFileType = file.storyboard; name = Base; path = Base.lproj/Main.storyboard; sourceTree = "<group>"; };
		C25EB65422E7B09E00598B5E /* Assets.xcassets */ = {isa = PBXFileReference; lastKnownFileType = folder.assetcatalog; path = Assets.xcassets; sourceTree = "<group>"; };
		C25EB65722E7B09E00598B5E /* Base */ = {isa = PBXFileReference; lastKnownFileType = file.storyboard; name = Base; path = Base.lproj/LaunchScreen.storyboard; sourceTree = "<group>"; };
		C25EB65922E7B09E00598B5E /* Info.plist */ = {isa = PBXFileReference; lastKnownFileType = text.plist.xml; path = Info.plist; sourceTree = "<group>"; };
		C25EB65E22E7B09F00598B5E /* Side-Scrolling GameTests.xctest */ = {isa = PBXFileReference; explicitFileType = wrapper.cfbundle; includeInIndex = 0; path = "Side-Scrolling GameTests.xctest"; sourceTree = BUILT_PRODUCTS_DIR; };
		C25EB66222E7B09F00598B5E /* Side_Scrolling_GameTests.swift */ = {isa = PBXFileReference; lastKnownFileType = sourcecode.swift; path = Side_Scrolling_GameTests.swift; sourceTree = "<group>"; };
		C25EB66422E7B09F00598B5E /* Info.plist */ = {isa = PBXFileReference; lastKnownFileType = text.plist.xml; path = Info.plist; sourceTree = "<group>"; };
		C25EB66922E7B09F00598B5E /* Side-Scrolling GameUITests.xctest */ = {isa = PBXFileReference; explicitFileType = wrapper.cfbundle; includeInIndex = 0; path = "Side-Scrolling GameUITests.xctest"; sourceTree = BUILT_PRODUCTS_DIR; };
		C25EB66D22E7B09F00598B5E /* Side_Scrolling_GameUITests.swift */ = {isa = PBXFileReference; lastKnownFileType = sourcecode.swift; path = Side_Scrolling_GameUITests.swift; sourceTree = "<group>"; };
		C25EB66F22E7B09F00598B5E /* Info.plist */ = {isa = PBXFileReference; lastKnownFileType = text.plist.xml; path = Info.plist; sourceTree = "<group>"; };
/* End PBXFileReference section */

/* Begin PBXFrameworksBuildPhase section */
		C25EB64122E7B09C00598B5E /* Frameworks */ = {
			isa = PBXFrameworksBuildPhase;
			buildActionMask = 2147483647;
			files = (
			);
			runOnlyForDeploymentPostprocessing = 0;
		};
		C25EB65B22E7B09F00598B5E /* Frameworks */ = {
			isa = PBXFrameworksBuildPhase;
			buildActionMask = 2147483647;
			files = (
			);
			runOnlyForDeploymentPostprocessing = 0;
		};
		C25EB66622E7B09F00598B5E /* Frameworks */ = {
			isa = PBXFrameworksBuildPhase;
			buildActionMask = 2147483647;
			files = (
			);
			runOnlyForDeploymentPostprocessing = 0;
		};
/* End PBXFrameworksBuildPhase section */

/* Begin PBXGroup section */
		C25EB63B22E7B09C00598B5E = {
			isa = PBXGroup;
			children = (
				C25EB64622E7B09C00598B5E /* Side-Scrolling Game */,
				C25EB66122E7B09F00598B5E /* Side-Scrolling GameTests */,
				C25EB66C22E7B09F00598B5E /* Side-Scrolling GameUITests */,
				C25EB64522E7B09C00598B5E /* Products */,
			);
			sourceTree = "<group>";
		};
		C25EB64522E7B09C00598B5E /* Products */ = {
			isa = PBXGroup;
			children = (
				C25EB64422E7B09C00598B5E /* Side-Scrolling Game.app */,
				C25EB65E22E7B09F00598B5E /* Side-Scrolling GameTests.xctest */,
				C25EB66922E7B09F00598B5E /* Side-Scrolling GameUITests.xctest */,
			);
			name = Products;
			sourceTree = "<group>";
		};
		C25EB64622E7B09C00598B5E /* Side-Scrolling Game */ = {
			isa = PBXGroup;
			children = (
				C25EB64722E7B09C00598B5E /* AppDelegate.swift */,
				C25EB64922E7B09C00598B5E /* GameScene.sks */,
				C25EB64D22E7B09C00598B5E /* GameScene.swift */,
				C25EB64F22E7B09C00598B5E /* GameViewController.swift */,
				C25EB65122E7B09C00598B5E /* Main.storyboard */,
				C25EB65422E7B09E00598B5E /* Assets.xcassets */,
				C25EB65622E7B09E00598B5E /* LaunchScreen.storyboard */,
				C25EB65922E7B09E00598B5E /* Info.plist */,
			);
			path = "Side-Scrolling Game";
			sourceTree = "<group>";
		};
		C25EB66122E7B09F00598B5E /* Side-Scrolling GameTests */ = {
			isa = PBXGroup;
			children = (
				C25EB66222E7B09F00598B5E /* Side_Scrolling_GameTests.swift */,
				C25EB66422E7B09F00598B5E /* Info.plist */,
			);
			path = "Side-Scrolling GameTests";
			sourceTree = "<group>";
		};
		C25EB66C22E7B09F00598B5E /* Side-Scrolling GameUITests */ = {
			isa = PBXGroup;
			children = (
				C25EB66D22E7B09F00598B5E /* Side_Scrolling_GameUITests.swift */,
				C25EB66F22E7B09F00598B5E /* Info.plist */,
			);
			path = "Side-Scrolling GameUITests";
			sourceTree = "<group>";
		};
/* End PBXGroup section */

/* Begin PBXNativeTarget section */
		C25EB64322E7B09C00598B5E /* Side-Scrolling Game */ = {
			isa = PBXNativeTarget;
			buildConfigurationList = C25EB67222E7B09F00598B5E /* Build configuration list for PBXNativeTarget "Side-Scrolling Game" */;
			buildPhases = (
				C25EB64022E7B09C00598B5E /* Sources */,
				C25EB64122E7B09C00598B5E /* Frameworks */,
				C25EB64222E7B09C00598B5E /* Resources */,
			);
			buildRules = (
			);
			dependencies = (
			);
			name = "Side-Scrolling Game";
			productName = "Side-Scrolling Game";
			productReference = C25EB64422E7B09C00598B5E /* Side-Scrolling Game.app */;
			productType = "com.apple.product-type.application";
		};
		C25EB65D22E7B09F00598B5E /* Side-Scrolling GameTests */ = {
			isa = PBXNativeTarget;
			buildConfigurationList = C25EB67522E7B09F00598B5E /* Build configuration list for PBXNativeTarget "Side-Scrolling GameTests" */;
			buildPhases = (
				C25EB65A22E7B09F00598B5E /* Sources */,
				C25EB65B22E7B09F00598B5E /* Frameworks */,
				C25EB65C22E7B09F00598B5E /* Resources */,
			);
			buildRules = (
			);
			dependencies = (
				C25EB66022E7B09F00598B5E /* PBXTargetDependency */,
			);
			name = "Side-Scrolling GameTests";
			productName = "Side-Scrolling GameTests";
			productReference = C25EB65E22E7B09F00598B5E /* Side-Scrolling GameTests.xctest */;
			productType = "com.apple.product-type.bundle.unit-test";
		};
		C25EB66822E7B09F00598B5E /* Side-Scrolling GameUITests */ = {
			isa = PBXNativeTarget;
			buildConfigurationList = C25EB67822E7B09F00598B5E /* Build configuration list for PBXNativeTarget "Side-Scrolling GameUITests" */;
			buildPhases = (
				C25EB66522E7B09F00598B5E /* Sources */,
				C25EB66622E7B09F00598B5E /* Frameworks */,
				C25EB66722E7B09F00598B5E /* Resources */,
			);
			buildRules = (
			);
			dependencies = (
				C25EB66B22E7B09F00598B5E /* PBXTargetDependency */,
			);
			name = "Side-Scrolling GameUITests";
			productName = "Side-Scrolling GameUITests";
			productReference = C25EB66922E7B09F00598B5E /* Side-Scrolling GameUITests.xctest */;
			productType = "com.apple.product-type.bundle.ui-testing";
		};
/* End PBXNativeTarget section */

/* Begin PBXProject section */
		C25EB63C22E7B09C00598B5E /* Project object */ = {
			isa = PBXProject;
			attributes = {
				LastSwiftUpdateCheck = 1020;
				LastUpgradeCheck = 1020;
				ORGANIZATIONNAME = GWC2;
				TargetAttributes = {
					C25EB64322E7B09C00598B5E = {
						CreatedOnToolsVersion = 10.2.1;
					};
					C25EB65D22E7B09F00598B5E = {
						CreatedOnToolsVersion = 10.2.1;
						TestTargetID = C25EB64322E7B09C00598B5E;
					};
					C25EB66822E7B09F00598B5E = {
						CreatedOnToolsVersion = 10.2.1;
						TestTargetID = C25EB64322E7B09C00598B5E;
					};
				};
			};
			buildConfigurationList = C25EB63F22E7B09C00598B5E /* Build configuration list for PBXProject "Side-Scrolling Game" */;
			compatibilityVersion = "Xcode 9.3";
			developmentRegion = en;
			hasScannedForEncodings = 0;
			knownRegions = (
				en,
				Base,
			);
			mainGroup = C25EB63B22E7B09C00598B5E;
			productRefGroup = C25EB64522E7B09C00598B5E /* Products */;
			projectDirPath = "";
			projectRoot = "";
			targets = (
				C25EB64322E7B09C00598B5E /* Side-Scrolling Game */,
				C25EB65D22E7B09F00598B5E /* Side-Scrolling GameTests */,
				C25EB66822E7B09F00598B5E /* Side-Scrolling GameUITests */,
			);
		};
/* End PBXProject section */

/* Begin PBXResourcesBuildPhase section */
		C25EB64222E7B09C00598B5E /* Resources */ = {
			isa = PBXResourcesBuildPhase;
			buildActionMask = 2147483647;
			files = (
				C25EB65322E7B09C00598B5E /* Main.storyboard in Resources */,
				C25EB64A22E7B09C00598B5E /* GameScene.sks in Resources */,
				C25EB65522E7B09E00598B5E /* Assets.xcassets in Resources */,
				C25EB65822E7B09E00598B5E /* LaunchScreen.storyboard in Resources */,
			);
			runOnlyForDeploymentPostprocessing = 0;
		};
		C25EB65C22E7B09F00598B5E /* Resources */ = {
			isa = PBXResourcesBuildPhase;
			buildActionMask = 2147483647;
			files = (
			);
			runOnlyForDeploymentPostprocessing = 0;
		};
		C25EB66722E7B09F00598B5E /* Resources */ = {
			isa = PBXResourcesBuildPhase;
			buildActionMask = 2147483647;
			files = (
			);
			runOnlyForDeploymentPostprocessing = 0;
		};
/* End PBXResourcesBuildPhase section */

/* Begin PBXSourcesBuildPhase section */
		C25EB64022E7B09C00598B5E /* Sources */ = {
			isa = PBXSourcesBuildPhase;
			buildActionMask = 2147483647;
			files = (
				C25EB64E22E7B09C00598B5E /* GameScene.swift in Sources */,
				C25EB65022E7B09C00598B5E /* GameViewController.swift in Sources */,
				C25EB64822E7B09C00598B5E /* AppDelegate.swift in Sources */,
			);
			runOnlyForDeploymentPostprocessing = 0;
		};
		C25EB65A22E7B09F00598B5E /* Sources */ = {
			isa = PBXSourcesBuildPhase;
			buildActionMask = 2147483647;
			files = (
				C25EB66322E7B09F00598B5E /* Side_Scrolling_GameTests.swift in Sources */,
			);
			runOnlyForDeploymentPostprocessing = 0;
		};
		C25EB66522E7B09F00598B5E /* Sources */ = {
			isa = PBXSourcesBuildPhase;
			buildActionMask = 2147483647;
			files = (
				C25EB66E22E7B09F00598B5E /* Side_Scrolling_GameUITests.swift in Sources */,
			);
			runOnlyForDeploymentPostprocessing = 0;
		};
/* End PBXSourcesBuildPhase section */

/* Begin PBXTargetDependency section */
		C25EB66022E7B09F00598B5E /* PBXTargetDependency */ = {
			isa = PBXTargetDependency;
			target = C25EB64322E7B09C00598B5E /* Side-Scrolling Game */;
			targetProxy = C25EB65F22E7B09F00598B5E /* PBXContainerItemProxy */;
		};
		C25EB66B22E7B09F00598B5E /* PBXTargetDependency */ = {
			isa = PBXTargetDependency;
			target = C25EB64322E7B09C00598B5E /* Side-Scrolling Game */;
			targetProxy = C25EB66A22E7B09F00598B5E /* PBXContainerItemProxy */;
		};
/* End PBXTargetDependency section */

/* Begin PBXVariantGroup section */
		C25EB65122E7B09C00598B5E /* Main.storyboard */ = {
			isa = PBXVariantGroup;
			children = (
				C25EB65222E7B09C00598B5E /* Base */,
			);
			name = Main.storyboard;
			sourceTree = "<group>";
		};
		C25EB65622E7B09E00598B5E /* LaunchScreen.storyboard */ = {
			isa = PBXVariantGroup;
			children = (
				C25EB65722E7B09E00598B5E /* Base */,
			);
			name = LaunchScreen.storyboard;
			sourceTree = "<group>";
		};
/* End PBXVariantGroup section */

/* Begin XCBuildConfiguration section */
		C25EB67022E7B09F00598B5E /* Debug */ = {
			isa = XCBuildConfiguration;
			buildSettings = {
				ALWAYS_SEARCH_USER_PATHS = NO;
				CLANG_ANALYZER_NONNULL = YES;
				CLANG_ANALYZER_NUMBER_OBJECT_CONVERSION = YES_AGGRESSIVE;
				CLANG_CXX_LANGUAGE_STANDARD = "gnu++14";
				CLANG_CXX_LIBRARY = "libc++";
				CLANG_ENABLE_MODULES = YES;
				CLANG_ENABLE_OBJC_ARC = YES;
				CLANG_ENABLE_OBJC_WEAK = YES;
				CLANG_WARN_BLOCK_CAPTURE_AUTORELEASING = YES;
				CLANG_WARN_BOOL_CONVERSION = YES;
				CLANG_WARN_COMMA = YES;
				CLANG_WARN_CONSTANT_CONVERSION = YES;
				CLANG_WARN_DEPRECATED_OBJC_IMPLEMENTATIONS = YES;
				CLANG_WARN_DIRECT_OBJC_ISA_USAGE = YES_ERROR;
				CLANG_WARN_DOCUMENTATION_COMMENTS = YES;
				CLANG_WARN_EMPTY_BODY = YES;
				CLANG_WARN_ENUM_CONVERSION = YES;
				CLANG_WARN_INFINITE_RECURSION = YES;
				CLANG_WARN_INT_CONVERSION = YES;
				CLANG_WARN_NON_LITERAL_NULL_CONVERSION = YES;
				CLANG_WARN_OBJC_IMPLICIT_RETAIN_SELF = YES;
				CLANG_WARN_OBJC_LITERAL_CONVERSION = YES;
				CLANG_WARN_OBJC_ROOT_CLASS = YES_ERROR;
				CLANG_WARN_RANGE_LOOP_ANALYSIS = YES;
				CLANG_WARN_STRICT_PROTOTYPES = YES;
				CLANG_WARN_SUSPICIOUS_MOVE = YES;
				CLANG_WARN_UNGUARDED_AVAILABILITY = YES_AGGRESSIVE;
				CLANG_WARN_UNREACHABLE_CODE = YES;
				CLANG_WARN__DUPLICATE_METHOD_MATCH = YES;
				CODE_SIGN_IDENTITY = "iPhone Developer";
				COPY_PHASE_STRIP = NO;
				DEBUG_INFORMATION_FORMAT = dwarf;
				ENABLE_STRICT_OBJC_MSGSEND = YES;
				ENABLE_TESTABILITY = YES;
				GCC_C_LANGUAGE_STANDARD = gnu11;
				GCC_DYNAMIC_NO_PIC = NO;
				GCC_NO_COMMON_BLOCKS = YES;
				GCC_OPTIMIZATION_LEVEL = 0;
				GCC_PREPROCESSOR_DEFINITIONS = (
					"DEBUG=1",
					"$(inherited)",
				);
				GCC_WARN_64_TO_32_BIT_CONVERSION = YES;
				GCC_WARN_ABOUT_RETURN_TYPE = YES_ERROR;
				GCC_WARN_UNDECLARED_SELECTOR = YES;
				GCC_WARN_UNINITIALIZED_AUTOS = YES_AGGRESSIVE;
				GCC_WARN_UNUSED_FUNCTION = YES;
				GCC_WARN_UNUSED_VARIABLE = YES;
				IPHONEOS_DEPLOYMENT_TARGET = 12.2;
				MTL_ENABLE_DEBUG_INFO = INCLUDE_SOURCE;
				MTL_FAST_MATH = YES;
				ONLY_ACTIVE_ARCH = YES;
				SDKROOT = iphoneos;
				SWIFT_ACTIVE_COMPILATION_CONDITIONS = DEBUG;
				SWIFT_OPTIMIZATION_LEVEL = "-Onone";
			};
			name = Debug;
		};
		C25EB67122E7B09F00598B5E /* Release */ = {
			isa = XCBuildConfiguration;
			buildSettings = {
				ALWAYS_SEARCH_USER_PATHS = NO;
				CLANG_ANALYZER_NONNULL = YES;
				CLANG_ANALYZER_NUMBER_OBJECT_CONVERSION = YES_AGGRESSIVE;
				CLANG_CXX_LANGUAGE_STANDARD = "gnu++14";
				CLANG_CXX_LIBRARY = "libc++";
				CLANG_ENABLE_MODULES = YES;
				CLANG_ENABLE_OBJC_ARC = YES;
				CLANG_ENABLE_OBJC_WEAK = YES;
				CLANG_WARN_BLOCK_CAPTURE_AUTORELEASING = YES;
				CLANG_WARN_BOOL_CONVERSION = YES;
				CLANG_WARN_COMMA = YES;
				CLANG_WARN_CONSTANT_CONVERSION = YES;
				CLANG_WARN_DEPRECATED_OBJC_IMPLEMENTATIONS = YES;
				CLANG_WARN_DIRECT_OBJC_ISA_USAGE = YES_ERROR;
				CLANG_WARN_DOCUMENTATION_COMMENTS = YES;
				CLANG_WARN_EMPTY_BODY = YES;
				CLANG_WARN_ENUM_CONVERSION = YES;
				CLANG_WARN_INFINITE_RECURSION = YES;
				CLANG_WARN_INT_CONVERSION = YES;
				CLANG_WARN_NON_LITERAL_NULL_CONVERSION = YES;
				CLANG_WARN_OBJC_IMPLICIT_RETAIN_SELF = YES;
				CLANG_WARN_OBJC_LITERAL_CONVERSION = YES;
				CLANG_WARN_OBJC_ROOT_CLASS = YES_ERROR;
				CLANG_WARN_RANGE_LOOP_ANALYSIS = YES;
				CLANG_WARN_STRICT_PROTOTYPES = YES;
				CLANG_WARN_SUSPICIOUS_MOVE = YES;
				CLANG_WARN_UNGUARDED_AVAILABILITY = YES_AGGRESSIVE;
				CLANG_WARN_UNREACHABLE_CODE = YES;
				CLANG_WARN__DUPLICATE_METHOD_MATCH = YES;
				CODE_SIGN_IDENTITY = "iPhone Developer";
				COPY_PHASE_STRIP = NO;
				DEBUG_INFORMATION_FORMAT = "dwarf-with-dsym";
				ENABLE_NS_ASSERTIONS = NO;
				ENABLE_STRICT_OBJC_MSGSEND = YES;
				GCC_C_LANGUAGE_STANDARD = gnu11;
				GCC_NO_COMMON_BLOCKS = YES;
				GCC_WARN_64_TO_32_BIT_CONVERSION = YES;
				GCC_WARN_ABOUT_RETURN_TYPE = YES_ERROR;
				GCC_WARN_UNDECLARED_SELECTOR = YES;
				GCC_WARN_UNINITIALIZED_AUTOS = YES_AGGRESSIVE;
				GCC_WARN_UNUSED_FUNCTION = YES;
				GCC_WARN_UNUSED_VARIABLE = YES;
				IPHONEOS_DEPLOYMENT_TARGET = 12.2;
				MTL_ENABLE_DEBUG_INFO = NO;
				MTL_FAST_MATH = YES;
				SDKROOT = iphoneos;
				SWIFT_COMPILATION_MODE = wholemodule;
				SWIFT_OPTIMIZATION_LEVEL = "-O";
				VALIDATE_PRODUCT = YES;
			};
			name = Release;
		};
		C25EB67322E7B09F00598B5E /* Debug */ = {
			isa = XCBuildConfiguration;
			buildSettings = {
				ASSETCATALOG_COMPILER_APPICON_NAME = AppIcon;
				CODE_SIGN_STYLE = Automatic;
				DEVELOPMENT_TEAM = M4PZ5629Z8;
				INFOPLIST_FILE = "Side-Scrolling Game/Info.plist";
				LD_RUNPATH_SEARCH_PATHS = (
					"$(inherited)",
					"@executable_path/Frameworks",
				);
				PRODUCT_BUNDLE_IDENTIFIER = "com.rebeccafrey.Side-Scrolling-Game";
				PRODUCT_NAME = "$(TARGET_NAME)";
				SWIFT_VERSION = 5.0;
				TARGETED_DEVICE_FAMILY = "1,2";
			};
			name = Debug;
		};
		C25EB67422E7B09F00598B5E /* Release */ = {
			isa = XCBuildConfiguration;
			buildSettings = {
				ASSETCATALOG_COMPILER_APPICON_NAME = AppIcon;
				CODE_SIGN_STYLE = Automatic;
				DEVELOPMENT_TEAM = M4PZ5629Z8;
				INFOPLIST_FILE = "Side-Scrolling Game/Info.plist";
				LD_RUNPATH_SEARCH_PATHS = (
					"$(inherited)",
					"@executable_path/Frameworks",
				);
				PRODUCT_BUNDLE_IDENTIFIER = "com.rebeccafrey.Side-Scrolling-Game";
				PRODUCT_NAME = "$(TARGET_NAME)";
				SWIFT_VERSION = 5.0;
				TARGETED_DEVICE_FAMILY = "1,2";
			};
			name = Release;
		};
		C25EB67622E7B09F00598B5E /* Debug */ = {
			isa = XCBuildConfiguration;
			buildSettings = {
				ALWAYS_EMBED_SWIFT_STANDARD_LIBRARIES = YES;
				BUNDLE_LOADER = "$(TEST_HOST)";
				CODE_SIGN_STYLE = Automatic;
				DEVELOPMENT_TEAM = M4PZ5629Z8;
				INFOPLIST_FILE = "Side-Scrolling GameTests/Info.plist";
				LD_RUNPATH_SEARCH_PATHS = (
					"$(inherited)",
					"@executable_path/Frameworks",
					"@loader_path/Frameworks",
				);
				PRODUCT_BUNDLE_IDENTIFIER = "com.rebeccafrey.Side-Scrolling-GameTests";
				PRODUCT_NAME = "$(TARGET_NAME)";
				SWIFT_VERSION = 5.0;
				TARGETED_DEVICE_FAMILY = "1,2";
				TEST_HOST = "$(BUILT_PRODUCTS_DIR)/Side-Scrolling Game.app/Side-Scrolling Game";
			};
			name = Debug;
		};
		C25EB67722E7B09F00598B5E /* Release */ = {
			isa = XCBuildConfiguration;
			buildSettings = {
				ALWAYS_EMBED_SWIFT_STANDARD_LIBRARIES = YES;
				BUNDLE_LOADER = "$(TEST_HOST)";
				CODE_SIGN_STYLE = Automatic;
				DEVELOPMENT_TEAM = M4PZ5629Z8;
				INFOPLIST_FILE = "Side-Scrolling GameTests/Info.plist";
				LD_RUNPATH_SEARCH_PATHS = (
					"$(inherited)",
					"@executable_path/Frameworks",
					"@loader_path/Frameworks",
				);
				PRODUCT_BUNDLE_IDENTIFIER = "com.rebeccafrey.Side-Scrolling-GameTests";
				PRODUCT_NAME = "$(TARGET_NAME)";
				SWIFT_VERSION = 5.0;
				TARGETED_DEVICE_FAMILY = "1,2";
				TEST_HOST = "$(BUILT_PRODUCTS_DIR)/Side-Scrolling Game.app/Side-Scrolling Game";
			};
			name = Release;
		};
		C25EB67922E7B09F00598B5E /* Debug */ = {
			isa = XCBuildConfiguration;
			buildSettings = {
				ALWAYS_EMBED_SWIFT_STANDARD_LIBRARIES = YES;
				CODE_SIGN_STYLE = Automatic;
				DEVELOPMENT_TEAM = M4PZ5629Z8;
				INFOPLIST_FILE = "Side-Scrolling GameUITests/Info.plist";
				LD_RUNPATH_SEARCH_PATHS = (
					"$(inherited)",
					"@executable_path/Frameworks",
					"@loader_path/Frameworks",
				);
				PRODUCT_BUNDLE_IDENTIFIER = "com.rebeccafrey.Side-Scrolling-GameUITests";
				PRODUCT_NAME = "$(TARGET_NAME)";
				SWIFT_VERSION = 5.0;
				TARGETED_DEVICE_FAMILY = "1,2";
				TEST_TARGET_NAME = "Side-Scrolling Game";
			};
			name = Debug;
		};
		C25EB67A22E7B09F00598B5E /* Release */ = {
			isa = XCBuildConfiguration;
			buildSettings = {
				ALWAYS_EMBED_SWIFT_STANDARD_LIBRARIES = YES;
				CODE_SIGN_STYLE = Automatic;
				DEVELOPMENT_TEAM = M4PZ5629Z8;
				INFOPLIST_FILE = "Side-Scrolling GameUITests/Info.plist";
				LD_RUNPATH_SEARCH_PATHS = (
					"$(inherited)",
					"@executable_path/Frameworks",
					"@loader_path/Frameworks",
				);
				PRODUCT_BUNDLE_IDENTIFIER = "com.rebeccafrey.Side-Scrolling-GameUITests";
				PRODUCT_NAME = "$(TARGET_NAME)";
				SWIFT_VERSION = 5.0;
				TARGETED_DEVICE_FAMILY = "1,2";
				TEST_TARGET_NAME = "Side-Scrolling Game";
			};
			name = Release;
		};
/* End XCBuildConfiguration section */

/* Begin XCConfigurationList section */
		C25EB63F22E7B09C00598B5E /* Build configuration list for PBXProject "Side-Scrolling Game" */ = {
			isa = XCConfigurationList;
			buildConfigurations = (
				C25EB67022E7B09F00598B5E /* Debug */,
				C25EB67122E7B09F00598B5E /* Release */,
			);
			defaultConfigurationIsVisible = 0;
			defaultConfigurationName = Release;
		};
		C25EB67222E7B09F00598B5E /* Build configuration list for PBXNativeTarget "Side-Scrolling Game" */ = {
			isa = XCConfigurationList;
			buildConfigurations = (
				C25EB67322E7B09F00598B5E /* Debug */,
				C25EB67422E7B09F00598B5E /* Release */,
			);
			defaultConfigurationIsVisible = 0;
			defaultConfigurationName = Release;
		};
		C25EB67522E7B09F00598B5E /* Build configuration list for PBXNativeTarget "Side-Scrolling GameTests" */ = {
			isa = XCConfigurationList;
			buildConfigurations = (
				C25EB67622E7B09F00598B5E /* Debug */,
				C25EB67722E7B09F00598B5E /* Release */,
			);
			defaultConfigurationIsVisible = 0;
			defaultConfigurationName = Release;
		};
		C25EB67822E7B09F00598B5E /* Build configuration list for PBXNativeTarget "Side-Scrolling GameUITests" */ = {
			isa = XCConfigurationList;
			buildConfigurations = (
				C25EB67922E7B09F00598B5E /* Debug */,
				C25EB67A22E7B09F00598B5E /* Release */,
			);
			defaultConfigurationIsVisible = 0;
			defaultConfigurationName = Release;
		};
/* End XCConfigurationList section */
	};
	rootObject = C25EB63C22E7B09C00598B5E /* Project object */;
}
