// !$*UTF8*$!
{
	archiveVersion = 1;
	classes = {
	};
	objectVersion = 50;
	objects = {

/* Begin PBXBuildFile section */
		C25EB6D022EA29E600598B5E /* AppDelegate.swift in Sources */ = {isa = PBXBuildFile; fileRef = C25EB6CF22EA29E600598B5E /* AppDelegate.swift */; };
		C25EB6D222EA29E600598B5E /* Scene.sks in Resources */ = {isa = PBXBuildFile; fileRef = C25EB6D122EA29E600598B5E /* Scene.sks */; };
		C25EB6D422EA29E600598B5E /* Scene.swift in Sources */ = {isa = PBXBuildFile; fileRef = C25EB6D322EA29E600598B5E /* Scene.swift */; };
		C25EB6D622EA29E600598B5E /* ViewController.swift in Sources */ = {isa = PBXBuildFile; fileRef = C25EB6D522EA29E600598B5E /* ViewController.swift */; };
		C25EB6D922EA29E600598B5E /* Main.storyboard in Resources */ = {isa = PBXBuildFile; fileRef = C25EB6D722EA29E600598B5E /* Main.storyboard */; };
		C25EB6DB22EA29E800598B5E /* Assets.xcassets in Resources */ = {isa = PBXBuildFile; fileRef = C25EB6DA22EA29E800598B5E /* Assets.xcassets */; };
		C25EB6DE22EA29E800598B5E /* LaunchScreen.storyboard in Resources */ = {isa = PBXBuildFile; fileRef = C25EB6DC22EA29E800598B5E /* LaunchScreen.storyboard */; };
		C25EB6E622EA466500598B5E /* Level1.sks in Resources */ = {isa = PBXBuildFile; fileRef = C25EB6E522EA466500598B5E /* Level1.sks */; };
		C25EB6E822EA52E100598B5E /* Anchor.swift in Sources */ = {isa = PBXBuildFile; fileRef = C25EB6E722EA52E100598B5E /* Anchor.swift */; };
/* End PBXBuildFile section */

/* Begin PBXFileReference section */
		C25EB6CC22EA29E600598B5E /* AR Game App.app */ = {isa = PBXFileReference; explicitFileType = wrapper.application; includeInIndex = 0; path = "AR Game App.app"; sourceTree = BUILT_PRODUCTS_DIR; };
		C25EB6CF22EA29E600598B5E /* AppDelegate.swift */ = {isa = PBXFileReference; lastKnownFileType = sourcecode.swift; path = AppDelegate.swift; sourceTree = "<group>"; };
		C25EB6D122EA29E600598B5E /* Scene.sks */ = {isa = PBXFileReference; lastKnownFileType = file.sks; path = Scene.sks; sourceTree = "<group>"; };
		C25EB6D322EA29E600598B5E /* Scene.swift */ = {isa = PBXFileReference; lastKnownFileType = sourcecode.swift; path = Scene.swift; sourceTree = "<group>"; };
		C25EB6D522EA29E600598B5E /* ViewController.swift */ = {isa = PBXFileReference; lastKnownFileType = sourcecode.swift; path = ViewController.swift; sourceTree = "<group>"; };
		C25EB6D822EA29E600598B5E /* Base */ = {isa = PBXFileReference; lastKnownFileType = file.storyboard; name = Base; path = Base.lproj/Main.storyboard; sourceTree = "<group>"; };
		C25EB6DA22EA29E800598B5E /* Assets.xcassets */ = {isa = PBXFileReference; lastKnownFileType = folder.assetcatalog; path = Assets.xcassets; sourceTree = "<group>"; };
		C25EB6DD22EA29E800598B5E /* Base */ = {isa = PBXFileReference; lastKnownFileType = file.storyboard; name = Base; path = Base.lproj/LaunchScreen.storyboard; sourceTree = "<group>"; };
		C25EB6DF22EA29E800598B5E /* Info.plist */ = {isa = PBXFileReference; lastKnownFileType = text.plist.xml; path = Info.plist; sourceTree = "<group>"; };
		C25EB6E522EA466500598B5E /* Level1.sks */ = {isa = PBXFileReference; lastKnownFileType = file.sks; path = Level1.sks; sourceTree = "<group>"; };
		C25EB6E722EA52E100598B5E /* Anchor.swift */ = {isa = PBXFileReference; lastKnownFileType = sourcecode.swift; path = Anchor.swift; sourceTree = "<group>"; };
/* End PBXFileReference section */

/* Begin PBXFrameworksBuildPhase section */
		C25EB6C922EA29E600598B5E /* Frameworks */ = {
			isa = PBXFrameworksBuildPhase;
			buildActionMask = 2147483647;
			files = (
			);
			runOnlyForDeploymentPostprocessing = 0;
		};
/* End PBXFrameworksBuildPhase section */

/* Begin PBXGroup section */
		C25EB6C322EA29E600598B5E = {
			isa = PBXGroup;
			children = (
				C25EB6CE22EA29E600598B5E /* AR Game App */,
				C25EB6CD22EA29E600598B5E /* Products */,
			);
			sourceTree = "<group>";
		};
		C25EB6CD22EA29E600598B5E /* Products */ = {
			isa = PBXGroup;
			children = (
				C25EB6CC22EA29E600598B5E /* AR Game App.app */,
			);
			name = Products;
			sourceTree = "<group>";
		};
		C25EB6CE22EA29E600598B5E /* AR Game App */ = {
			isa = PBXGroup;
			children = (
				C25EB6CF22EA29E600598B5E /* AppDelegate.swift */,
				C25EB6D122EA29E600598B5E /* Scene.sks */,
				C25EB6D322EA29E600598B5E /* Scene.swift */,
				C25EB6E522EA466500598B5E /* Level1.sks */,
				C25EB6D522EA29E600598B5E /* ViewController.swift */,
				C25EB6E722EA52E100598B5E /* Anchor.swift */,
				C25EB6D722EA29E600598B5E /* Main.storyboard */,
				C25EB6DA22EA29E800598B5E /* Assets.xcassets */,
				C25EB6DC22EA29E800598B5E /* LaunchScreen.storyboard */,
				C25EB6DF22EA29E800598B5E /* Info.plist */,
			);
			path = "AR Game App";
			sourceTree = "<group>";
		};
/* End PBXGroup section */

/* Begin PBXNativeTarget section */
		C25EB6CB22EA29E600598B5E /* AR Game App */ = {
			isa = PBXNativeTarget;
			buildConfigurationList = C25EB6E222EA29E800598B5E /* Build configuration list for PBXNativeTarget "AR Game App" */;
			buildPhases = (
				C25EB6C822EA29E600598B5E /* Sources */,
				C25EB6C922EA29E600598B5E /* Frameworks */,
				C25EB6CA22EA29E600598B5E /* Resources */,
			);
			buildRules = (
			);
			dependencies = (
			);
			name = "AR Game App";
			productName = "AR Game App";
			productReference = C25EB6CC22EA29E600598B5E /* AR Game App.app */;
			productType = "com.apple.product-type.application";
		};
/* End PBXNativeTarget section */

/* Begin PBXProject section */
		C25EB6C422EA29E600598B5E /* Project object */ = {
			isa = PBXProject;
			attributes = {
				LastSwiftUpdateCheck = 1020;
				LastUpgradeCheck = 1020;
				ORGANIZATIONNAME = GWC2;
				TargetAttributes = {
					C25EB6CB22EA29E600598B5E = {
						CreatedOnToolsVersion = 10.2.1;
					};
				};
			};
			buildConfigurationList = C25EB6C722EA29E600598B5E /* Build configuration list for PBXProject "AR Game App" */;
			compatibilityVersion = "Xcode 9.3";
			developmentRegion = en;
			hasScannedForEncodings = 0;
			knownRegions = (
				en,
				Base,
			);
			mainGroup = C25EB6C322EA29E600598B5E;
			productRefGroup = C25EB6CD22EA29E600598B5E /* Products */;
			projectDirPath = "";
			projectRoot = "";
			targets = (
				C25EB6CB22EA29E600598B5E /* AR Game App */,
			);
		};
/* End PBXProject section */

/* Begin PBXResourcesBuildPhase section */
		C25EB6CA22EA29E600598B5E /* Resources */ = {
			isa = PBXResourcesBuildPhase;
			buildActionMask = 2147483647;
			files = (
				C25EB6D222EA29E600598B5E /* Scene.sks in Resources */,
				C25EB6DE22EA29E800598B5E /* LaunchScreen.storyboard in Resources */,
				C25EB6DB22EA29E800598B5E /* Assets.xcassets in Resources */,
				C25EB6D922EA29E600598B5E /* Main.storyboard in Resources */,
				C25EB6E622EA466500598B5E /* Level1.sks in Resources */,
			);
			runOnlyForDeploymentPostprocessing = 0;
		};
/* End PBXResourcesBuildPhase section */

/* Begin PBXSourcesBuildPhase section */
		C25EB6C822EA29E600598B5E /* Sources */ = {
			isa = PBXSourcesBuildPhase;
			buildActionMask = 2147483647;
			files = (
				C25EB6D622EA29E600598B5E /* ViewController.swift in Sources */,
				C25EB6D422EA29E600598B5E /* Scene.swift in Sources */,
				C25EB6E822EA52E100598B5E /* Anchor.swift in Sources */,
				C25EB6D022EA29E600598B5E /* AppDelegate.swift in Sources */,
			);
			runOnlyForDeploymentPostprocessing = 0;
		};
/* End PBXSourcesBuildPhase section */

/* Begin PBXVariantGroup section */
		C25EB6D722EA29E600598B5E /* Main.storyboard */ = {
			isa = PBXVariantGroup;
			children = (
				C25EB6D822EA29E600598B5E /* Base */,
			);
			name = Main.storyboard;
			sourceTree = "<group>";
		};
		C25EB6DC22EA29E800598B5E /* LaunchScreen.storyboard */ = {
			isa = PBXVariantGroup;
			children = (
				C25EB6DD22EA29E800598B5E /* Base */,
			);
			name = LaunchScreen.storyboard;
			sourceTree = "<group>";
		};
/* End PBXVariantGroup section */

/* Begin XCBuildConfiguration section */
		C25EB6E022EA29E800598B5E /* Debug */ = {
			isa = XCBuildConfiguration;
			buildSettings = {
				ALWAYS_SEARCH_USER_PATHS = NO;
				CLANG_ANALYZER_NONNULL = YES;
				CLANG_ANALYZER_NUMBER_OBJECT_CONVERSION = YES_AGGRESSIVE;
				CLANG_CXX_LANGUAGE_STANDARD = "gnu++14";
				CLANG_CXX_LIBRARY = "libc++";
				CLANG_ENABLE_MODULES = YES;
				CLANG_ENABLE_OBJC_ARC = YES;
				CLANG_ENABLE_OBJC_WEAK = YES;
				CLANG_WARN_BLOCK_CAPTURE_AUTORELEASING = YES;
				CLANG_WARN_BOOL_CONVERSION = YES;
				CLANG_WARN_COMMA = YES;
				CLANG_WARN_CONSTANT_CONVERSION = YES;
				CLANG_WARN_DEPRECATED_OBJC_IMPLEMENTATIONS = YES;
				CLANG_WARN_DIRECT_OBJC_ISA_USAGE = YES_ERROR;
				CLANG_WARN_DOCUMENTATION_COMMENTS = YES;
				CLANG_WARN_EMPTY_BODY = YES;
				CLANG_WARN_ENUM_CONVERSION = YES;
				CLANG_WARN_INFINITE_RECURSION = YES;
				CLANG_WARN_INT_CONVERSION = YES;
				CLANG_WARN_NON_LITERAL_NULL_CONVERSION = YES;
				CLANG_WARN_OBJC_IMPLICIT_RETAIN_SELF = YES;
				CLANG_WARN_OBJC_LITERAL_CONVERSION = YES;
				CLANG_WARN_OBJC_ROOT_CLASS = YES_ERROR;
				CLANG_WARN_RANGE_LOOP_ANALYSIS = YES;
				CLANG_WARN_STRICT_PROTOTYPES = YES;
				CLANG_WARN_SUSPICIOUS_MOVE = YES;
				CLANG_WARN_UNGUARDED_AVAILABILITY = YES_AGGRESSIVE;
				CLANG_WARN_UNREACHABLE_CODE = YES;
				CLANG_WARN__DUPLICATE_METHOD_MATCH = YES;
				CODE_SIGN_IDENTITY = "iPhone Developer";
				COPY_PHASE_STRIP = NO;
				DEBUG_INFORMATION_FORMAT = dwarf;
				ENABLE_STRICT_OBJC_MSGSEND = YES;
				ENABLE_TESTABILITY = YES;
				GCC_C_LANGUAGE_STANDARD = gnu11;
				GCC_DYNAMIC_NO_PIC = NO;
				GCC_NO_COMMON_BLOCKS = YES;
				GCC_OPTIMIZATION_LEVEL = 0;
				GCC_PREPROCESSOR_DEFINITIONS = (
					"DEBUG=1",
					"$(inherited)",
				);
				GCC_WARN_64_TO_32_BIT_CONVERSION = YES;
				GCC_WARN_ABOUT_RETURN_TYPE = YES_ERROR;
				GCC_WARN_UNDECLARED_SELECTOR = YES;
				GCC_WARN_UNINITIALIZED_AUTOS = YES_AGGRESSIVE;
				GCC_WARN_UNUSED_FUNCTION = YES;
				GCC_WARN_UNUSED_VARIABLE = YES;
				IPHONEOS_DEPLOYMENT_TARGET = 12.2;
				MTL_ENABLE_DEBUG_INFO = INCLUDE_SOURCE;
				MTL_FAST_MATH = YES;
				ONLY_ACTIVE_ARCH = YES;
				SDKROOT = iphoneos;
				SWIFT_ACTIVE_COMPILATION_CONDITIONS = DEBUG;
				SWIFT_OPTIMIZATION_LEVEL = "-Onone";
			};
			name = Debug;
		};
		C25EB6E122EA29E800598B5E /* Release */ = {
			isa = XCBuildConfiguration;
			buildSettings = {
				ALWAYS_SEARCH_USER_PATHS = NO;
				CLANG_ANALYZER_NONNULL = YES;
				CLANG_ANALYZER_NUMBER_OBJECT_CONVERSION = YES_AGGRESSIVE;
				CLANG_CXX_LANGUAGE_STANDARD = "gnu++14";
				CLANG_CXX_LIBRARY = "libc++";
				CLANG_ENABLE_MODULES = YES;
				CLANG_ENABLE_OBJC_ARC = YES;
				CLANG_ENABLE_OBJC_WEAK = YES;
				CLANG_WARN_BLOCK_CAPTURE_AUTORELEASING = YES;
				CLANG_WARN_BOOL_CONVERSION = YES;
				CLANG_WARN_COMMA = YES;
				CLANG_WARN_CONSTANT_CONVERSION = YES;
				CLANG_WARN_DEPRECATED_OBJC_IMPLEMENTATIONS = YES;
				CLANG_WARN_DIRECT_OBJC_ISA_USAGE = YES_ERROR;
				CLANG_WARN_DOCUMENTATION_COMMENTS = YES;
				CLANG_WARN_EMPTY_BODY = YES;
				CLANG_WARN_ENUM_CONVERSION = YES;
				CLANG_WARN_INFINITE_RECURSION = YES;
				CLANG_WARN_INT_CONVERSION = YES;
				CLANG_WARN_NON_LITERAL_NULL_CONVERSION = YES;
				CLANG_WARN_OBJC_IMPLICIT_RETAIN_SELF = YES;
				CLANG_WARN_OBJC_LITERAL_CONVERSION = YES;
				CLANG_WARN_OBJC_ROOT_CLASS = YES_ERROR;
				CLANG_WARN_RANGE_LOOP_ANALYSIS = YES;
				CLANG_WARN_STRICT_PROTOTYPES = YES;
				CLANG_WARN_SUSPICIOUS_MOVE = YES;
				CLANG_WARN_UNGUARDED_AVAILABILITY = YES_AGGRESSIVE;
				CLANG_WARN_UNREACHABLE_CODE = YES;
				CLANG_WARN__DUPLICATE_METHOD_MATCH = YES;
				CODE_SIGN_IDENTITY = "iPhone Developer";
				COPY_PHASE_STRIP = NO;
				DEBUG_INFORMATION_FORMAT = "dwarf-with-dsym";
				ENABLE_NS_ASSERTIONS = NO;
				ENABLE_STRICT_OBJC_MSGSEND = YES;
				GCC_C_LANGUAGE_STANDARD = gnu11;
				GCC_NO_COMMON_BLOCKS = YES;
				GCC_WARN_64_TO_32_BIT_CONVERSION = YES;
				GCC_WARN_ABOUT_RETURN_TYPE = YES_ERROR;
				GCC_WARN_UNDECLARED_SELECTOR = YES;
				GCC_WARN_UNINITIALIZED_AUTOS = YES_AGGRESSIVE;
				GCC_WARN_UNUSED_FUNCTION = YES;
				GCC_WARN_UNUSED_VARIABLE = YES;
				IPHONEOS_DEPLOYMENT_TARGET = 12.2;
				MTL_ENABLE_DEBUG_INFO = NO;
				MTL_FAST_MATH = YES;
				SDKROOT = iphoneos;
				SWIFT_COMPILATION_MODE = wholemodule;
				SWIFT_OPTIMIZATION_LEVEL = "-O";
				VALIDATE_PRODUCT = YES;
			};
			name = Release;
		};
		C25EB6E322EA29E800598B5E /* Debug */ = {
			isa = XCBuildConfiguration;
			buildSettings = {
				ASSETCATALOG_COMPILER_APPICON_NAME = AppIcon;
				CODE_SIGN_STYLE = Automatic;
				DEVELOPMENT_TEAM = M4PZ5629Z8;
				INFOPLIST_FILE = "AR Game App/Info.plist";
				LD_RUNPATH_SEARCH_PATHS = (
					"$(inherited)",
					"@executable_path/Frameworks",
				);
				PRODUCT_BUNDLE_IDENTIFIER = "com.rebeccafrey.AR-Game-App";
				PRODUCT_NAME = "$(TARGET_NAME)";
				SWIFT_VERSION = 5.0;
				TARGETED_DEVICE_FAMILY = "1,2";
			};
			name = Debug;
		};
		C25EB6E422EA29E800598B5E /* Release */ = {
			isa = XCBuildConfiguration;
			buildSettings = {
				ASSETCATALOG_COMPILER_APPICON_NAME = AppIcon;
				CODE_SIGN_STYLE = Automatic;
				DEVELOPMENT_TEAM = M4PZ5629Z8;
				INFOPLIST_FILE = "AR Game App/Info.plist";
				LD_RUNPATH_SEARCH_PATHS = (
					"$(inherited)",
					"@executable_path/Frameworks",
				);
				PRODUCT_BUNDLE_IDENTIFIER = "com.rebeccafrey.AR-Game-App";
				PRODUCT_NAME = "$(TARGET_NAME)";
				SWIFT_VERSION = 5.0;
				TARGETED_DEVICE_FAMILY = "1,2";
			};
			name = Release;
		};
/* End XCBuildConfiguration section */

/* Begin XCConfigurationList section */
		C25EB6C722EA29E600598B5E /* Build configuration list for PBXProject "AR Game App" */ = {
			isa = XCConfigurationList;
			buildConfigurations = (
				C25EB6E022EA29E800598B5E /* Debug */,
				C25EB6E122EA29E800598B5E /* Release */,
			);
			defaultConfigurationIsVisible = 0;
			defaultConfigurationName = Release;
		};
		C25EB6E222EA29E800598B5E /* Build configuration list for PBXNativeTarget "AR Game App" */ = {
			isa = XCConfigurationList;
			buildConfigurations = (
				C25EB6E322EA29E800598B5E /* Debug */,
				C25EB6E422EA29E800598B5E /* Release */,
			);
			defaultConfigurationIsVisible = 0;
			defaultConfigurationName = Release;
		};
/* End XCConfigurationList section */
	};
	rootObject = C25EB6C422EA29E600598B5E /* Project object */;
}
